
Microsoft Visual Studio Solution File, Format Version 12.00
# Visual Studio Version 16
VisualStudioVersion = 16.0.30114.105
MinimumVisualStudioVersion = 10.0.40219.1
Project("{9A19103F-16F7-4668-BE54-9A1E7A4F7556}") = "WebApp", "WebApp\WebApp.csproj", "{03482F3C-477B-4C16-886D-B4737D3A7B5C}"
	ProjectSection(ProjectDependencies) = postProject
		{9CE5397E-7F7B-4D40-97CB-8B644AC0E35C} = {9CE5397E-7F7B-4D40-97CB-8B644AC0E35C}
	EndProjectSection
EndProject
Project("{9A19103F-16F7-4668-BE54-9A1E7A4F7556}") = "DAL", "DAL\DAL.csproj", "{9CE5397E-7F7B-4D40-97CB-8B644AC0E35C}"
EndProject
Global
	GlobalSection(SolutionConfigurationPlatforms) = preSolution
		Debug|Any CPU = Debug|Any CPU
		Release|Any CPU = Release|Any CPU
	EndGlobalSection
	GlobalSection(ProjectConfigurationPlatforms) = postSolution
		{03482F3C-477B-4C16-886D-B4737D3A7B5C}.Debug|Any CPU.ActiveCfg = Debug|Any CPU
		{03482F3C-477B-4C16-886D-B4737D3A7B5C}.Debug|Any CPU.Build.0 = Debug|Any CPU
		{03482F3C-477B-4C16-886D-B4737D3A7B5C}.Release|Any CPU.ActiveCfg = Release|Any CPU
		{03482F3C-477B-4C16-886D-B4737D3A7B5C}.Release|Any CPU.Build.0 = Release|Any CPU
		{9CE5397E-7F7B-4D40-97CB-8B644AC0E35C}.Debug|Any CPU.ActiveCfg = Debug|Any CPU
		{9CE5397E-7F7B-4D40-97CB-8B644AC0E35C}.Debug|Any CPU.Build.0 = Debug|Any CPU
		{9CE5397E-7F7B-4D40-97CB-8B644AC0E35C}.Release|Any CPU.ActiveCfg = Release|Any CPU
		{9CE5397E-7F7B-4D40-97CB-8B644AC0E35C}.Release|Any CPU.Build.0 = Release|Any CPU
	EndGlobalSection
	GlobalSection(SolutionProperties) = preSolution
		HideSolutionNode = FALSE
	EndGlobalSection
	GlobalSection(ExtensibilityGlobals) = postSolution
		SolutionGuid = {D87E3C9B-5C84-43A8-93FE-8DDD3A6EE372}
	EndGlobalSection
EndGlobal
